
Microsoft Visual Studio Solution File, Format Version 12.00
# Visual Studio Version 16
VisualStudioVersion = 16.0.31515.178
MinimumVisualStudioVersion = 10.0.40219.1
Project("{888888A0-9F3D-457C-B088-3A5042F75D52}") = "Homework_2", "Homework_2\Homework_2.pyproj", "{817A9141-A0CF-4845-9399-BC3E5998AA34}"
EndProject
Global
	GlobalSection(SolutionConfigurationPlatforms) = preSolution
		Debug|Any CPU = Debug|Any CPU
		Release|Any CPU = Release|Any CPU
	EndGlobalSection
	GlobalSection(ProjectConfigurationPlatforms) = postSolution
		{817A9141-A0CF-4845-9399-BC3E5998AA34}.Debug|Any CPU.ActiveCfg = Debug|Any CPU
		{817A9141-A0CF-4845-9399-BC3E5998AA34}.Release|Any CPU.ActiveCfg = Release|Any CPU
	EndGlobalSection
	GlobalSection(SolutionProperties) = preSolution
		HideSolutionNode = FALSE
	EndGlobalSection
	GlobalSection(ExtensibilityGlobals) = postSolution
		SolutionGuid = {01C9FDF9-FEE0-4896-ACF5-9FBCDF045808}
	EndGlobalSection
EndGlobal
